
Microsoft Visual Studio Solution File, Format Version 12.00
# Visual Studio Version 17
VisualStudioVersion = 17.1.32210.238
MinimumVisualStudioVersion = 10.0.40219.1
Project("{FAE04EC0-301F-11D3-BF4B-00C04F79EFBC}") = "BreaksDebug", "BreaksDebug.csproj", "{F609D0B4-2EB2-491C-BE8F-E2B5D65ECDA4}"
EndProject
Project("{FAE04EC0-301F-11D3-BF4B-00C04F79EFBC}") = "Be.Windows.Forms.HexBox", "Be.Windows.Forms.HexBox\Be.Windows.Forms.HexBox.csproj", "{26C5F25F-B450-4CAF-AD8B-B8D11AE73457}"
EndProject
Project("{8BC9CEB8-8B4A-11D0-8D11-00A0C91BC942}") = "BreakasmInterop", "..\BreakasmInterop\BreakasmInterop.vcxproj", "{36A9506E-7ACE-4ABA-A18E-32E6DB467DE9}"
EndProject
Project("{8BC9CEB8-8B4A-11D0-8D11-00A0C91BC942}") = "M6502CoreInterop", "..\M6502CoreInterop\M6502CoreInterop.vcxproj", "{A80034D5-1C4D-4D07-88DA-41F15380A7A4}"
EndProject
Project("{8BC9CEB8-8B4A-11D0-8D11-00A0C91BC942}") = "M6502Core", "..\M6502Core\Scripts\VS2022\M6502Core.vcxproj", "{75210C0A-A812-4246-A179-B50D8A25A121}"
EndProject
Project("{8BC9CEB8-8B4A-11D0-8D11-00A0C91BC942}") = "BaseLogicLib", "..\..\Breaknes\BaseLogicLib\Scripts\VS2022\BaseLogicLib.vcxproj", "{11AAD192-46EB-4D5D-B81F-BCEE11D6AF8E}"
EndProject
Global
	GlobalSection(SolutionConfigurationPlatforms) = preSolution
		Debug|Any CPU = Debug|Any CPU
		Debug|x64 = Debug|x64
		Debug|x86 = Debug|x86
		Release|Any CPU = Release|Any CPU
		Release|x64 = Release|x64
		Release|x86 = Release|x86
	EndGlobalSection
	GlobalSection(ProjectConfigurationPlatforms) = postSolution
		{F609D0B4-2EB2-491C-BE8F-E2B5D65ECDA4}.Debug|Any CPU.ActiveCfg = Debug|Any CPU
		{F609D0B4-2EB2-491C-BE8F-E2B5D65ECDA4}.Debug|Any CPU.Build.0 = Debug|Any CPU
		{F609D0B4-2EB2-491C-BE8F-E2B5D65ECDA4}.Debug|x64.ActiveCfg = Debug|x64
		{F609D0B4-2EB2-491C-BE8F-E2B5D65ECDA4}.Debug|x64.Build.0 = Debug|x64
		{F609D0B4-2EB2-491C-BE8F-E2B5D65ECDA4}.Debug|x86.ActiveCfg = Debug|x86
		{F609D0B4-2EB2-491C-BE8F-E2B5D65ECDA4}.Debug|x86.Build.0 = Debug|x86
		{F609D0B4-2EB2-491C-BE8F-E2B5D65ECDA4}.Release|Any CPU.ActiveCfg = Release|Any CPU
		{F609D0B4-2EB2-491C-BE8F-E2B5D65ECDA4}.Release|Any CPU.Build.0 = Release|Any CPU
		{F609D0B4-2EB2-491C-BE8F-E2B5D65ECDA4}.Release|x64.ActiveCfg = Release|x64
		{F609D0B4-2EB2-491C-BE8F-E2B5D65ECDA4}.Release|x64.Build.0 = Release|x64
		{F609D0B4-2EB2-491C-BE8F-E2B5D65ECDA4}.Release|x86.ActiveCfg = Release|x86
		{F609D0B4-2EB2-491C-BE8F-E2B5D65ECDA4}.Release|x86.Build.0 = Release|x86
		{26C5F25F-B450-4CAF-AD8B-B8D11AE73457}.Debug|Any CPU.ActiveCfg = Debug|Any CPU
		{26C5F25F-B450-4CAF-AD8B-B8D11AE73457}.Debug|Any CPU.Build.0 = Debug|Any CPU
		{26C5F25F-B450-4CAF-AD8B-B8D11AE73457}.Debug|x64.ActiveCfg = Debug|x64
		{26C5F25F-B450-4CAF-AD8B-B8D11AE73457}.Debug|x64.Build.0 = Debug|x64
		{26C5F25F-B450-4CAF-AD8B-B8D11AE73457}.Debug|x86.ActiveCfg = Debug|x86
		{26C5F25F-B450-4CAF-AD8B-B8D11AE73457}.Debug|x86.Build.0 = Debug|x86
		{26C5F25F-B450-4CAF-AD8B-B8D11AE73457}.Release|Any CPU.ActiveCfg = Release|Any CPU
		{26C5F25F-B450-4CAF-AD8B-B8D11AE73457}.Release|Any CPU.Build.0 = Release|Any CPU
		{26C5F25F-B450-4CAF-AD8B-B8D11AE73457}.Release|x64.ActiveCfg = Release|x64
		{26C5F25F-B450-4CAF-AD8B-B8D11AE73457}.Release|x64.Build.0 = Release|x64
		{26C5F25F-B450-4CAF-AD8B-B8D11AE73457}.Release|x86.ActiveCfg = Release|x86
		{26C5F25F-B450-4CAF-AD8B-B8D11AE73457}.Release|x86.Build.0 = Release|x86
		{36A9506E-7ACE-4ABA-A18E-32E6DB467DE9}.Debug|Any CPU.ActiveCfg = Debug|Win32
		{36A9506E-7ACE-4ABA-A18E-32E6DB467DE9}.Debug|x64.ActiveCfg = Debug|x64
		{36A9506E-7ACE-4ABA-A18E-32E6DB467DE9}.Debug|x64.Build.0 = Debug|x64
		{36A9506E-7ACE-4ABA-A18E-32E6DB467DE9}.Debug|x86.ActiveCfg = Debug|Win32
		{36A9506E-7ACE-4ABA-A18E-32E6DB467DE9}.Debug|x86.Build.0 = Debug|Win32
		{36A9506E-7ACE-4ABA-A18E-32E6DB467DE9}.Release|Any CPU.ActiveCfg = Release|Win32
		{36A9506E-7ACE-4ABA-A18E-32E6DB467DE9}.Release|x64.ActiveCfg = Release|x64
		{36A9506E-7ACE-4ABA-A18E-32E6DB467DE9}.Release|x64.Build.0 = Release|x64
		{36A9506E-7ACE-4ABA-A18E-32E6DB467DE9}.Release|x86.ActiveCfg = Release|Win32
		{36A9506E-7ACE-4ABA-A18E-32E6DB467DE9}.Release|x86.Build.0 = Release|Win32
		{A80034D5-1C4D-4D07-88DA-41F15380A7A4}.Debug|Any CPU.ActiveCfg = Debug|Win32
		{A80034D5-1C4D-4D07-88DA-41F15380A7A4}.Debug|x64.ActiveCfg = Debug|x64
		{A80034D5-1C4D-4D07-88DA-41F15380A7A4}.Debug|x64.Build.0 = Debug|x64
		{A80034D5-1C4D-4D07-88DA-41F15380A7A4}.Debug|x86.ActiveCfg = Debug|Win32
		{A80034D5-1C4D-4D07-88DA-41F15380A7A4}.Debug|x86.Build.0 = Debug|Win32
		{A80034D5-1C4D-4D07-88DA-41F15380A7A4}.Release|Any CPU.ActiveCfg = Release|Win32
		{A80034D5-1C4D-4D07-88DA-41F15380A7A4}.Release|x64.ActiveCfg = Release|x64
		{A80034D5-1C4D-4D07-88DA-41F15380A7A4}.Release|x64.Build.0 = Release|x64
		{A80034D5-1C4D-4D07-88DA-41F15380A7A4}.Release|x86.ActiveCfg = Release|Win32
		{A80034D5-1C4D-4D07-88DA-41F15380A7A4}.Release|x86.Build.0 = Release|Win32
		{75210C0A-A812-4246-A179-B50D8A25A121}.Debug|Any CPU.ActiveCfg = Debug|Win32
		{75210C0A-A812-4246-A179-B50D8A25A121}.Debug|x64.ActiveCfg = Debug|x64
		{75210C0A-A812-4246-A179-B50D8A25A121}.Debug|x64.Build.0 = Debug|x64
		{75210C0A-A812-4246-A179-B50D8A25A121}.Debug|x86.ActiveCfg = Debug|Win32
		{75210C0A-A812-4246-A179-B50D8A25A121}.Debug|x86.Build.0 = Debug|Win32
		{75210C0A-A812-4246-A179-B50D8A25A121}.Release|Any CPU.ActiveCfg = Release|Win32
		{75210C0A-A812-4246-A179-B50D8A25A121}.Release|x64.ActiveCfg = Release|x64
		{75210C0A-A812-4246-A179-B50D8A25A121}.Release|x64.Build.0 = Release|x64
		{75210C0A-A812-4246-A179-B50D8A25A121}.Release|x86.ActiveCfg = Release|Win32
		{75210C0A-A812-4246-A179-B50D8A25A121}.Release|x86.Build.0 = Release|Win32
		{11AAD192-46EB-4D5D-B81F-BCEE11D6AF8E}.Debug|Any CPU.ActiveCfg = Debug|x64
		{11AAD192-46EB-4D5D-B81F-BCEE11D6AF8E}.Debug|Any CPU.Build.0 = Debug|x64
		{11AAD192-46EB-4D5D-B81F-BCEE11D6AF8E}.Debug|x64.ActiveCfg = Debug|x64
		{11AAD192-46EB-4D5D-B81F-BCEE11D6AF8E}.Debug|x64.Build.0 = Debug|x64
		{11AAD192-46EB-4D5D-B81F-BCEE11D6AF8E}.Debug|x86.ActiveCfg = Debug|Win32
		{11AAD192-46EB-4D5D-B81F-BCEE11D6AF8E}.Debug|x86.Build.0 = Debug|Win32
		{11AAD192-46EB-4D5D-B81F-BCEE11D6AF8E}.Release|Any CPU.ActiveCfg = Release|x64
		{11AAD192-46EB-4D5D-B81F-BCEE11D6AF8E}.Release|Any CPU.Build.0 = Release|x64
		{11AAD192-46EB-4D5D-B81F-BCEE11D6AF8E}.Release|x64.ActiveCfg = Release|x64
		{11AAD192-46EB-4D5D-B81F-BCEE11D6AF8E}.Release|x64.Build.0 = Release|x64
		{11AAD192-46EB-4D5D-B81F-BCEE11D6AF8E}.Release|x86.ActiveCfg = Release|Win32
		{11AAD192-46EB-4D5D-B81F-BCEE11D6AF8E}.Release|x86.Build.0 = Release|Win32
	EndGlobalSection
	GlobalSection(SolutionProperties) = preSolution
		HideSolutionNode = FALSE
	EndGlobalSection
	GlobalSection(ExtensibilityGlobals) = postSolution
		SolutionGuid = {4B4B2C49-76AF-4CC4-9E62-E4BBC7BB74DB}
	EndGlobalSection
EndGlobal
